{
  "name": "npm-dep",
  "version": "0.0.1",
  "dependencies": {
    "a": {
      "version": "0.0.1",
      "dependencies": {
        "lodash": {
          "version": "1.3.1",
          "from": "lodash@"
        }
      }
    },
    "b": {
      "version": "0.0.1",
      "dependencies": {
        "lodash": {
          "version": "1.3.1",
          "from": "lodash@"
        }
      }
    },
    "lodash": {
      "version": "1.3.1",
      "from": "lodash@"
    }
  }
}
